
Microsoft Visual Studio Solution File, Format Version 12.00
# Visual Studio Version 17
VisualStudioVersion = 17.7.34221.43
MinimumVisualStudioVersion = 10.0.40219.1
Project("{9A19103F-16F7-4668-BE54-9A1E7A4F7556}") = "BulkyWeb", "BulkyWeb\BulkyWeb.csproj", "{90FF80D9-2891-4BCC-B615-33D95966C077}"
EndProject
Project("{FAE04EC0-301F-11D3-BF4B-00C04F79EFBC}") = "Bulky.DataAccess", "Bulky.DataAccess\Bulky.DataAccess.csproj", "{7270640D-DC7E-4927-BA51-4F9AEC8FD0E7}"
EndProject
Project("{FAE04EC0-301F-11D3-BF4B-00C04F79EFBC}") = "Bulky.Models", "Bulky.Models\Bulky.Models.csproj", "{7C70B8D2-215E-4505-B378-E107B2FD315F}"
EndProject
Project("{FAE04EC0-301F-11D3-BF4B-00C04F79EFBC}") = "Bulky.Utility", "Bulky.Utility\Bulky.Utility.csproj", "{A0AC0FA1-1895-45CB-913F-8AFE590A00FF}"
EndProject
Global
	GlobalSection(SolutionConfigurationPlatforms) = preSolution
		Debug|Any CPU = Debug|Any CPU
		Debug|ARM32 = Debug|ARM32
		Release|Any CPU = Release|Any CPU
		Release|ARM32 = Release|ARM32
	EndGlobalSection
	GlobalSection(ProjectConfigurationPlatforms) = postSolution
		{90FF80D9-2891-4BCC-B615-33D95966C077}.Debug|Any CPU.ActiveCfg = Debug|Any CPU
		{90FF80D9-2891-4BCC-B615-33D95966C077}.Debug|Any CPU.Build.0 = Debug|Any CPU
		{90FF80D9-2891-4BCC-B615-33D95966C077}.Debug|ARM32.ActiveCfg = Debug|Any CPU
		{90FF80D9-2891-4BCC-B615-33D95966C077}.Debug|ARM32.Build.0 = Debug|Any CPU
		{90FF80D9-2891-4BCC-B615-33D95966C077}.Release|Any CPU.ActiveCfg = Release|Any CPU
		{90FF80D9-2891-4BCC-B615-33D95966C077}.Release|Any CPU.Build.0 = Release|Any CPU
		{90FF80D9-2891-4BCC-B615-33D95966C077}.Release|ARM32.ActiveCfg = Release|Any CPU
		{90FF80D9-2891-4BCC-B615-33D95966C077}.Release|ARM32.Build.0 = Release|Any CPU
		{7270640D-DC7E-4927-BA51-4F9AEC8FD0E7}.Debug|Any CPU.ActiveCfg = Debug|Any CPU
		{7270640D-DC7E-4927-BA51-4F9AEC8FD0E7}.Debug|Any CPU.Build.0 = Debug|Any CPU
		{7270640D-DC7E-4927-BA51-4F9AEC8FD0E7}.Debug|ARM32.ActiveCfg = Debug|Any CPU
		{7270640D-DC7E-4927-BA51-4F9AEC8FD0E7}.Debug|ARM32.Build.0 = Debug|Any CPU
		{7270640D-DC7E-4927-BA51-4F9AEC8FD0E7}.Release|Any CPU.ActiveCfg = Release|Any CPU
		{7270640D-DC7E-4927-BA51-4F9AEC8FD0E7}.Release|Any CPU.Build.0 = Release|Any CPU
		{7270640D-DC7E-4927-BA51-4F9AEC8FD0E7}.Release|ARM32.ActiveCfg = Release|Any CPU
		{7270640D-DC7E-4927-BA51-4F9AEC8FD0E7}.Release|ARM32.Build.0 = Release|Any CPU
		{7C70B8D2-215E-4505-B378-E107B2FD315F}.Debug|Any CPU.ActiveCfg = Debug|Any CPU
		{7C70B8D2-215E-4505-B378-E107B2FD315F}.Debug|Any CPU.Build.0 = Debug|Any CPU
		{7C70B8D2-215E-4505-B378-E107B2FD315F}.Debug|ARM32.ActiveCfg = Debug|Any CPU
		{7C70B8D2-215E-4505-B378-E107B2FD315F}.Debug|ARM32.Build.0 = Debug|Any CPU
		{7C70B8D2-215E-4505-B378-E107B2FD315F}.Release|Any CPU.ActiveCfg = Release|Any CPU
		{7C70B8D2-215E-4505-B378-E107B2FD315F}.Release|Any CPU.Build.0 = Release|Any CPU
		{7C70B8D2-215E-4505-B378-E107B2FD315F}.Release|ARM32.ActiveCfg = Release|Any CPU
		{7C70B8D2-215E-4505-B378-E107B2FD315F}.Release|ARM32.Build.0 = Release|Any CPU
		{A0AC0FA1-1895-45CB-913F-8AFE590A00FF}.Debug|Any CPU.ActiveCfg = Debug|Any CPU
		{A0AC0FA1-1895-45CB-913F-8AFE590A00FF}.Debug|Any CPU.Build.0 = Debug|Any CPU
		{A0AC0FA1-1895-45CB-913F-8AFE590A00FF}.Debug|ARM32.ActiveCfg = Debug|Any CPU
		{A0AC0FA1-1895-45CB-913F-8AFE590A00FF}.Debug|ARM32.Build.0 = Debug|Any CPU
		{A0AC0FA1-1895-45CB-913F-8AFE590A00FF}.Release|Any CPU.ActiveCfg = Release|Any CPU
		{A0AC0FA1-1895-45CB-913F-8AFE590A00FF}.Release|Any CPU.Build.0 = Release|Any CPU
		{A0AC0FA1-1895-45CB-913F-8AFE590A00FF}.Release|ARM32.ActiveCfg = Release|Any CPU
		{A0AC0FA1-1895-45CB-913F-8AFE590A00FF}.Release|ARM32.Build.0 = Release|Any CPU
	EndGlobalSection
	GlobalSection(SolutionProperties) = preSolution
		HideSolutionNode = FALSE
	EndGlobalSection
	GlobalSection(ExtensibilityGlobals) = postSolution
		SolutionGuid = {98DF9063-BB38-4D65-90F8-7EA368ADCD98}
	EndGlobalSection
EndGlobal
