
Microsoft Visual Studio Solution File, Format Version 12.00
# Visual Studio Version 17
VisualStudioVersion = 17.7.34221.43
MinimumVisualStudioVersion = 10.0.40219.1
Project("{FAE04EC0-301F-11D3-BF4B-00C04F79EFBC}") = "BulkyWeb", "BulkyWeb\BulkyWeb.csproj", "{90FF80D9-2891-4BCC-B615-33D95966C077}"
EndProject
Global
	GlobalSection(SolutionConfigurationPlatforms) = preSolution
		Debug|Any CPU = Debug|Any CPU
		Release|Any CPU = Release|Any CPU
	EndGlobalSection
	GlobalSection(ProjectConfigurationPlatforms) = postSolution
		{90FF80D9-2891-4BCC-B615-33D95966C077}.Debug|Any CPU.ActiveCfg = Debug|Any CPU
		{90FF80D9-2891-4BCC-B615-33D95966C077}.Debug|Any CPU.Build.0 = Debug|Any CPU
		{90FF80D9-2891-4BCC-B615-33D95966C077}.Release|Any CPU.ActiveCfg = Release|Any CPU
		{90FF80D9-2891-4BCC-B615-33D95966C077}.Release|Any CPU.Build.0 = Release|Any CPU
	EndGlobalSection
	GlobalSection(SolutionProperties) = preSolution
		HideSolutionNode = FALSE
	EndGlobalSection
	GlobalSection(ExtensibilityGlobals) = postSolution
		SolutionGuid = {98DF9063-BB38-4D65-90F8-7EA368ADCD98}
	EndGlobalSection
EndGlobal
